
Microsoft Visual Studio Solution File, Format Version 12.00
# Visual Studio 15
VisualStudioVersion = 15.0.27428.2037
MinimumVisualStudioVersion = 10.0.40219.1
Project("{FAE04EC0-301F-11D3-BF4B-00C04F79EFBC}") = "ISOToLSC1CompilerLibrary", "ISOToLSC1CompilerLibrary\ISOToLSC1CompilerLibrary.csproj", "{03042023-4AB7-42DB-B1E6-F3FD995BBDB8}"
EndProject
Project("{FAE04EC0-301F-11D3-BF4B-00C04F79EFBC}") = "ISOToLSC1CompilerEditor", "ISOToLSC1CompilerEditor\ISOToLSC1CompilerEditor.csproj", "{E0D5EB64-5073-4876-8344-DA4B98C636E5}"
EndProject
Project("{FAE04EC0-301F-11D3-BF4B-00C04F79EFBC}") = "LSC1DatabaseEditor", "LSC1DatabaseEditor\LSC1DatabaseEditor.csproj", "{7815558B-0D46-4F70-84AD-EE66455C465E}"
	ProjectSection(ProjectDependencies) = postProject
		{EEF02E9E-900D-49AD-995F-52A1B7851577} = {EEF02E9E-900D-49AD-995F-52A1B7851577}
	EndProjectSection
EndProject
Project("{FAE04EC0-301F-11D3-BF4B-00C04F79EFBC}") = "LSC1Library", "LSC1DatabaseLibrary\LSC1Library.csproj", "{EEF02E9E-900D-49AD-995F-52A1B7851577}"
EndProject
Project("{FAE04EC0-301F-11D3-BF4B-00C04F79EFBC}") = "LSC1ISOStepKonfigurator", "LSC1ISOStepKonfigurator\LSC1ISOStepKonfigurator.csproj", "{D23602D5-8B36-4D02-9765-41A4124B3366}"
EndProject
Project("{F088123C-0E9E-452A-89E6-6BA2F21D5CAC}") = "LSC1DependencyValidation", "LSC1DependencyValidation\LSC1DependencyValidation.modelproj", "{C40E74B1-0619-4672-B7FB-ADD265178F2A}"
EndProject
Project("{FAE04EC0-301F-11D3-BF4B-00C04F79EFBC}") = "LSC1DatabaseEditorTests", "LSC1DatabaseEditorTests\LSC1DatabaseEditorTests.csproj", "{E749CB96-33BB-4C1C-A2C5-588763E48EC2}"
EndProject
Global
	GlobalSection(SolutionConfigurationPlatforms) = preSolution
		Debug|Any CPU = Debug|Any CPU
		Release|Any CPU = Release|Any CPU
	EndGlobalSection
	GlobalSection(ProjectConfigurationPlatforms) = postSolution
		{03042023-4AB7-42DB-B1E6-F3FD995BBDB8}.Debug|Any CPU.ActiveCfg = Debug|Any CPU
		{03042023-4AB7-42DB-B1E6-F3FD995BBDB8}.Debug|Any CPU.Build.0 = Debug|Any CPU
		{03042023-4AB7-42DB-B1E6-F3FD995BBDB8}.Release|Any CPU.ActiveCfg = Release|Any CPU
		{03042023-4AB7-42DB-B1E6-F3FD995BBDB8}.Release|Any CPU.Build.0 = Release|Any CPU
		{E0D5EB64-5073-4876-8344-DA4B98C636E5}.Debug|Any CPU.ActiveCfg = Debug|Any CPU
		{E0D5EB64-5073-4876-8344-DA4B98C636E5}.Debug|Any CPU.Build.0 = Debug|Any CPU
		{E0D5EB64-5073-4876-8344-DA4B98C636E5}.Release|Any CPU.ActiveCfg = Release|Any CPU
		{E0D5EB64-5073-4876-8344-DA4B98C636E5}.Release|Any CPU.Build.0 = Release|Any CPU
		{7815558B-0D46-4F70-84AD-EE66455C465E}.Debug|Any CPU.ActiveCfg = Debug|Any CPU
		{7815558B-0D46-4F70-84AD-EE66455C465E}.Debug|Any CPU.Build.0 = Debug|Any CPU
		{7815558B-0D46-4F70-84AD-EE66455C465E}.Release|Any CPU.ActiveCfg = Release|Any CPU
		{7815558B-0D46-4F70-84AD-EE66455C465E}.Release|Any CPU.Build.0 = Release|Any CPU
		{EEF02E9E-900D-49AD-995F-52A1B7851577}.Debug|Any CPU.ActiveCfg = Debug|Any CPU
		{EEF02E9E-900D-49AD-995F-52A1B7851577}.Debug|Any CPU.Build.0 = Debug|Any CPU
		{EEF02E9E-900D-49AD-995F-52A1B7851577}.Release|Any CPU.ActiveCfg = Release|Any CPU
		{EEF02E9E-900D-49AD-995F-52A1B7851577}.Release|Any CPU.Build.0 = Release|Any CPU
		{D23602D5-8B36-4D02-9765-41A4124B3366}.Debug|Any CPU.ActiveCfg = Debug|Any CPU
		{D23602D5-8B36-4D02-9765-41A4124B3366}.Debug|Any CPU.Build.0 = Debug|Any CPU
		{D23602D5-8B36-4D02-9765-41A4124B3366}.Release|Any CPU.ActiveCfg = Release|Any CPU
		{D23602D5-8B36-4D02-9765-41A4124B3366}.Release|Any CPU.Build.0 = Release|Any CPU
		{C40E74B1-0619-4672-B7FB-ADD265178F2A}.Debug|Any CPU.ActiveCfg = Debug|Any CPU
		{C40E74B1-0619-4672-B7FB-ADD265178F2A}.Debug|Any CPU.Build.0 = Debug|Any CPU
		{C40E74B1-0619-4672-B7FB-ADD265178F2A}.Release|Any CPU.ActiveCfg = Release|Any CPU
		{C40E74B1-0619-4672-B7FB-ADD265178F2A}.Release|Any CPU.Build.0 = Release|Any CPU
		{E749CB96-33BB-4C1C-A2C5-588763E48EC2}.Debug|Any CPU.ActiveCfg = Debug|Any CPU
		{E749CB96-33BB-4C1C-A2C5-588763E48EC2}.Debug|Any CPU.Build.0 = Debug|Any CPU
		{E749CB96-33BB-4C1C-A2C5-588763E48EC2}.Release|Any CPU.ActiveCfg = Release|Any CPU
		{E749CB96-33BB-4C1C-A2C5-588763E48EC2}.Release|Any CPU.Build.0 = Release|Any CPU
	EndGlobalSection
	GlobalSection(SolutionProperties) = preSolution
		HideSolutionNode = FALSE
	EndGlobalSection
	GlobalSection(ExtensibilityGlobals) = postSolution
		SolutionGuid = {A788F912-F3A4-42D3-8952-6FEFEACEF1DC}
	EndGlobalSection
EndGlobal
